%{
  "csv": {:hex, :csv, "3.2.2", "452f96414b39a176b7c390af6d8b78f15130dc6167fe3b836729131f515d843e", [:mix], [], "hexpm", "cbf256ff74a3fa01d9ec420d07b19c90d410ed9fe5b6d6e1bc7662edf35bc574"},
  "erl_csv": {:hex, :erl_csv, "0.3.3", "94fba776d493fe0da76786d694cc2a788f14c864766dbb04c1786272515898c4", [:rebar3], [], "hexpm", "b1b4b5f6578b2afc307e8cbf67277ac8e3d721fe5e6b5a4d53ba49215c9600f3"},
  "euneus": {:hex, :euneus, "2.4.0", "e58178fb3b2c6fe139c863c4b347574e4c599bf1b9530ed3bae7a10e2c7f870a", [:rebar3], [], "hexpm", "200eefce320314831ad79d77f03b109bc035e0a282b6b71fbcd3a7982804184d"},
  "fast_yaml": {:hex, :fast_yaml, "1.0.40", "053109abed40a80fb1e4a231ebfed39e93a4872d73e462fe9a2128503b6233d8", [:rebar3], [{:p1_utils, "1.0.29", [hex: :p1_utils, repo: "hexpm", optional: false]}], "hexpm", "27705c29902c1c6f3268ba9bf387d5fa928b2e655b53110fa47b8e476d32b386"},
  "jason": {:hex, :jason, "1.4.5", "2e3a008590b0b8d7388c20293e9dcc9cf3e5d642fd2a114e4cbbb52e595d940a", [:mix], [{:decimal, "~> 1.0 or ~> 2.0 or ~> 3.0", [hex: :decimal, repo: "hexpm", optional: true]}], "hexpm", "b0c823996102bcd0239b3c2444eb00409b72f6a140c1950bc8b457d836b30684"},
  "jiffy": {:hex, :jiffy, "2.0.1", "496c8fe45af44bb550c91f9d189e1194348ddfce046dcd63a039f3cb4a93d218", [:rebar3], [], "hexpm", "f220aa769adca845e0189fd07af364303c4cf92affaaa2a526b48d655b224b6c"},
  "nimble_csv": {:hex, :nimble_csv, "1.3.0", "b7f998dc62b222bce9596e46f028c7a5af04cb5dde6df2ea197c583227c54971", [:mix], [], "hexpm", "41ccdc18f7c8f8bb06e84164fc51635321e80d5a3b450761c4997d620925d619"},
  "p1_utils": {:hex, :p1_utils, "1.0.29", "e3a8621c2cf5ecde52065b4c6650803e25fdd9462f92dec96f29032a163cbb0d", [:rebar3], [], "hexpm", "2071421cadb5b8fff114e91d4d944f14851c332391f6e93fc5011aad64abe1b9"},
  "rustler": {:hex, :rustler, "0.37.3", "5f4e6634d43b26f0a69834dd1d3ed4e1710b022a053bf4a670220c9540c92602", [:mix], [{:jason, "~> 1.0", [hex: :jason, repo: "hexpm", optional: false]}], "hexpm", "a6872c6f53dcf00486d1e7f9e046e20e01bf1654bdacc4193016c2e8002b32a2"},
  "rustler_precompiled": {:hex, :rustler_precompiled, "0.9.0", "3a052eda09f3d2436364645cc1f13279cf95db310eb0c17b0d8f25484b233aa0", [:mix], [{:rustler, "~> 0.23", [hex: :rustler, repo: "hexpm", optional: true]}], "hexpm", "471d97315bd3bf7b64623418b3693eedd8e47de3d1cb79a0ac8f9da7d770d94c"},
  "rusty_csv": {:hex, :rusty_csv, "0.3.11", "e258b5b6c92770f31fcea618ea2cdc24f20a2f11e81bd1826ba7fabdf638051d", [:mix], [{:rustler, "~> 0.37.3", [hex: :rustler, repo: "hexpm", optional: true]}, {:rustler_precompiled, "~> 0.9", [hex: :rustler_precompiled, repo: "hexpm", optional: false]}], "hexpm", "76279ea41effa7e80e8c4e20b1b35010a3dd2e34955b9a73e9df2823fa315b26"},
  "simdjsone": {:hex, :simdjsone, "0.5.0", "31f0d90f14005c6d984b479ccdbd3cd871536f6e1e61b05760a9682b511e4dd2", [:rebar3], [], "hexpm", "5d4addaa8095f6ace8ca2a4ecf76965e63bc5b25b863dc4b0a15c7de6c3f6856"},
  "thoas": {:hex, :thoas, "1.2.1", "19a25f31177a17e74004d4840f66d791d4298c5738790fa2cc73731eb911f195", [:rebar3], [], "hexpm", "e38697edffd6e91bd12cea41b155115282630075c2a727e7a6b2947f5408b86a"},
  "torque": {:hex, :torque, "0.2.3", "e13571fbb85bd9e88bf30068d1aad975157aaa87c877db469ffbcde13147ab66", [:mix], [{:jason, "~> 1.4", [hex: :jason, repo: "hexpm", optional: true]}, {:rustler, ">= 0.0.0", [hex: :rustler, repo: "hexpm", optional: true]}, {:rustler_precompiled, "~> 0.8", [hex: :rustler_precompiled, repo: "hexpm", optional: false]}], "hexpm", "0b52d51e7ee93f5a2b4907f180f8bdd0e4b0d83305e97227acb547db67f2d6af"},
  "yamerl": {:hex, :yamerl, "0.10.0", "4ff81fee2f1f6a46f1700c0d880b24d193ddb74bd14ef42cb0bcf46e81ef2f8e", [:rebar3], [], "hexpm", "346adb2963f1051dc837a2364e4acf6eb7d80097c0f53cbdc3046ec8ec4b4e6e"},
  "yaml_rustler": {:hex, :yaml_rustler, "0.1.6", "45764849043383bc5dea051306be25664323f23e8f528e07ed4c7b2eafd9350c", [:mix], [{:rustler, "~> 0.34.0", [hex: :rustler, repo: "hexpm", optional: false]}, {:rustler_precompiled, "~> 0.8.2", [hex: :rustler_precompiled, repo: "hexpm", optional: false]}], "hexpm", "0359395602c2c7d33a9d1dc2d1c813b57c01dc9c331c7c6beda71729365844db"},
  "ymlr": {:hex, :ymlr, "5.1.5", "0b9207c7940be3f2bc29b77cd55109d5aa2f4dcde6575942017335769e6f5628", [:mix], [], "hexpm", "7030cb240c46850caeb3b01be745307632be319b15f03083136f6251f49b516d"},
}
