%{
  "euneus": {:hex, :euneus, "2.4.0", "e58178fb3b2c6fe139c863c4b347574e4c599bf1b9530ed3bae7a10e2c7f870a", [:rebar3], [], "hexpm", "200eefce320314831ad79d77f03b109bc035e0a282b6b71fbcd3a7982804184d"},
  "jason": {:hex, :jason, "1.4.5", "2e3a008590b0b8d7388c20293e9dcc9cf3e5d642fd2a114e4cbbb52e595d940a", [:mix], [{:decimal, "~> 1.0 or ~> 2.0 or ~> 3.0", [hex: :decimal, repo: "hexpm", optional: true]}], "hexpm", "b0c823996102bcd0239b3c2444eb00409b72f6a140c1950bc8b457d836b30684"},
  "jiffy": {:hex, :jiffy, "1.1.2", "a9b6c9a7ec268e7cf493d028f0a4c9144f59ccb878b1afe42841597800840a1b", [:rebar3], [], "hexpm", "bb61bc42a720bbd33cb09a410e48bb79a61012c74cb8b3e75f26d988485cf381"},
  "rustler_precompiled": {:hex, :rustler_precompiled, "0.9.0", "3a052eda09f3d2436364645cc1f13279cf95db310eb0c17b0d8f25484b233aa0", [:mix], [{:rustler, "~> 0.23", [hex: :rustler, repo: "hexpm", optional: true]}], "hexpm", "471d97315bd3bf7b64623418b3693eedd8e47de3d1cb79a0ac8f9da7d770d94c"},
  "simdjsone": {:hex, :simdjsone, "0.5.0", "31f0d90f14005c6d984b479ccdbd3cd871536f6e1e61b05760a9682b511e4dd2", [:rebar3], [], "hexpm", "5d4addaa8095f6ace8ca2a4ecf76965e63bc5b25b863dc4b0a15c7de6c3f6856"},
  "thoas": {:hex, :thoas, "1.2.1", "19a25f31177a17e74004d4840f66d791d4298c5738790fa2cc73731eb911f195", [:rebar3], [], "hexpm", "e38697edffd6e91bd12cea41b155115282630075c2a727e7a6b2947f5408b86a"},
  "torque": {:hex, :torque, "0.1.9", "f4c33a00d568c7885a96c504303330376a18c8072e19391282584417ab42bb86", [:mix], [{:jason, "~> 1.4", [hex: :jason, repo: "hexpm", optional: false]}, {:rustler, ">= 0.0.0", [hex: :rustler, repo: "hexpm", optional: true]}, {:rustler_precompiled, "~> 0.8", [hex: :rustler_precompiled, repo: "hexpm", optional: false]}], "hexpm", "40a8ba41d2ef586061ffcaff87476ac638e13315d571528b9edaf13c98f2638a"},
}
